
Microsoft Visual Studio Solution File, Format Version 12.00
# Visual Studio Version 16
VisualStudioVersion = 16.0.30225.117
MinimumVisualStudioVersion = 10.0.40219.1
Project("{FAE04EC0-301F-11D3-BF4B-00C04F79EFBC}") = "Vidly", "Vidly\Vidly.csproj", "{495E5F32-49E7-4827-8504-700363E3E6D1}"
EndProject
Global
	GlobalSection(SolutionConfigurationPlatforms) = preSolution
		Debug|Any CPU = Debug|Any CPU
		Release|Any CPU = Release|Any CPU
	EndGlobalSection
	GlobalSection(ProjectConfigurationPlatforms) = postSolution
		{495E5F32-49E7-4827-8504-700363E3E6D1}.Debug|Any CPU.ActiveCfg = Debug|Any CPU
		{495E5F32-49E7-4827-8504-700363E3E6D1}.Debug|Any CPU.Build.0 = Debug|Any CPU
		{495E5F32-49E7-4827-8504-700363E3E6D1}.Release|Any CPU.ActiveCfg = Release|Any CPU
		{495E5F32-49E7-4827-8504-700363E3E6D1}.Release|Any CPU.Build.0 = Release|Any CPU
	EndGlobalSection
	GlobalSection(SolutionProperties) = preSolution
		HideSolutionNode = FALSE
	EndGlobalSection
	GlobalSection(ExtensibilityGlobals) = postSolution
		SolutionGuid = {AB0C1563-5E3F-4FD5-9759-CEDF8B469184}
	EndGlobalSection
EndGlobal
